
Microsoft Visual Studio Solution File, Format Version 12.00
# Visual Studio Version 16
VisualStudioVersion = 16.0.29709.97
MinimumVisualStudioVersion = 10.0.40219.1
Project("{FAE04EC0-301F-11D3-BF4B-00C04F79EFBC}") = "Various", "Various.csproj", "{89ED3469-B625-435D-A151-95A3C87D648C}"
EndProject
Global
	GlobalSection(SolutionConfigurationPlatforms) = preSolution
		Debug|Any CPU = Debug|Any CPU
		Release|Any CPU = Release|Any CPU
	EndGlobalSection
	GlobalSection(ProjectConfigurationPlatforms) = postSolution
		{89ED3469-B625-435D-A151-95A3C87D648C}.Debug|Any CPU.ActiveCfg = Debug|Any CPU
		{89ED3469-B625-435D-A151-95A3C87D648C}.Debug|Any CPU.Build.0 = Debug|Any CPU
		{89ED3469-B625-435D-A151-95A3C87D648C}.Release|Any CPU.ActiveCfg = Release|Any CPU
		{89ED3469-B625-435D-A151-95A3C87D648C}.Release|Any CPU.Build.0 = Release|Any CPU
	EndGlobalSection
	GlobalSection(SolutionProperties) = preSolution
		HideSolutionNode = FALSE
	EndGlobalSection
	GlobalSection(ExtensibilityGlobals) = postSolution
		SolutionGuid = {4BB276CB-7623-4F13-990E-959142E315E5}
	EndGlobalSection
EndGlobal
