
Microsoft Visual Studio Solution File, Format Version 12.00
# Visual Studio Version 16
VisualStudioVersion = 16.0.29709.97
MinimumVisualStudioVersion = 10.0.40219.1
Project("{FAE04EC0-301F-11D3-BF4B-00C04F79EFBC}") = "WPF1_Paavon_Esimerkki", "WPF1_Paavon_Esimerkki\WPF1_Paavon_Esimerkki.csproj", "{1A96143D-7933-4D15-85F1-BC5D260A8858}"
EndProject
Global
	GlobalSection(SolutionConfigurationPlatforms) = preSolution
		Debug|Any CPU = Debug|Any CPU
		Release|Any CPU = Release|Any CPU
	EndGlobalSection
	GlobalSection(ProjectConfigurationPlatforms) = postSolution
		{1A96143D-7933-4D15-85F1-BC5D260A8858}.Debug|Any CPU.ActiveCfg = Debug|Any CPU
		{1A96143D-7933-4D15-85F1-BC5D260A8858}.Debug|Any CPU.Build.0 = Debug|Any CPU
		{1A96143D-7933-4D15-85F1-BC5D260A8858}.Release|Any CPU.ActiveCfg = Release|Any CPU
		{1A96143D-7933-4D15-85F1-BC5D260A8858}.Release|Any CPU.Build.0 = Release|Any CPU
	EndGlobalSection
	GlobalSection(SolutionProperties) = preSolution
		HideSolutionNode = FALSE
	EndGlobalSection
	GlobalSection(ExtensibilityGlobals) = postSolution
		SolutionGuid = {6CD3BA99-C039-439A-A6B5-4D5AC70B6F94}
	EndGlobalSection
EndGlobal
